{
  "name": "wapc-hello-world",
  "version": "0.1.0",
  "lockfileVersion": 1,
  "requires": true,
  "dependencies": {
    "as-msgpack": {
      "version": "git+https://github.com/wapc/as-msgpack.git#51c272f86ef10c3248ecebcc6a9045cdb05dfa52",
      "from": "git+https://github.com/wapc/as-msgpack.git#v0.1.6"
    },
    "assemblyscript": {
      "version": "0.14.10",
      "resolved": "https://registry.npmjs.org/assemblyscript/-/assemblyscript-0.14.10.tgz",
      "integrity": "sha512-XQT2Hpf6bZtf9Cd1OdJ4rVQF3m80WBQUERnNRjymzKAFCYBpgKVAlVG8TDEhfzct+Bs4hsiS736G02K9cNzMaA==",
      "dev": true,
      "requires": {
        "binaryen": "95.0.0-nightly.20200813",
        "long": "^4.0.0"
      }
    },
    "binaryen": {
      "version": "95.0.0-nightly.20200813",
      "resolved": "https://registry.npmjs.org/binaryen/-/binaryen-95.0.0-nightly.20200813.tgz",
      "integrity": "sha512-xY+fhSAkVxptBoQAn9X4o21zTFycOjc+PeqbWSwcDqrSmXBXUMeq7qHhz4EWSWlFDKobHeUaiIbzLzlmciDWHw==",
      "dev": true
    },
    "long": {
      "version": "4.0.0",
      "resolved": "https://registry.npmjs.org/long/-/long-4.0.0.tgz",
      "integrity": "sha512-XsP+KhQif4bjX1kbuSiySJFNAehNxgLb6hPRGJ9QsUr8ajHkuXGdrHmFUTUUXhDwVX2R5bY4JNZEwbUiMhV+MA==",
      "dev": true
    },
    "wapc-guest-as": {
      "version": "git+https://github.com/wapc/wapc-guest-as.git#0f0af3ba7459897e145c851960c2e646b30df53f",
      "from": "git+https://github.com/wapc/wapc-guest-as.git#v0.2.1"
    }
  }
}
